
Microsoft Visual Studio Solution File, Format Version 12.00
# Visual Studio Version 17
VisualStudioVersion = 17.7.34221.43
MinimumVisualStudioVersion = 10.0.40219.1
Project("{FAE04EC0-301F-11D3-BF4B-00C04F79EFBC}") = "CompanyEmployees", "CompanyEmployees\CompanyEmployees.csproj", "{EEEA8130-2D9F-4A5F-96C9-E4F0E6B91616}"
EndProject
Global
	GlobalSection(SolutionConfigurationPlatforms) = preSolution
		Debug|Any CPU = Debug|Any CPU
		Release|Any CPU = Release|Any CPU
	EndGlobalSection
	GlobalSection(ProjectConfigurationPlatforms) = postSolution
		{EEEA8130-2D9F-4A5F-96C9-E4F0E6B91616}.Debug|Any CPU.ActiveCfg = Debug|Any CPU
		{EEEA8130-2D9F-4A5F-96C9-E4F0E6B91616}.Debug|Any CPU.Build.0 = Debug|Any CPU
		{EEEA8130-2D9F-4A5F-96C9-E4F0E6B91616}.Release|Any CPU.ActiveCfg = Release|Any CPU
		{EEEA8130-2D9F-4A5F-96C9-E4F0E6B91616}.Release|Any CPU.Build.0 = Release|Any CPU
	EndGlobalSection
	GlobalSection(SolutionProperties) = preSolution
		HideSolutionNode = FALSE
	EndGlobalSection
	GlobalSection(ExtensibilityGlobals) = postSolution
		SolutionGuid = {B7C468E3-5CA3-4AF1-B798-5911852C7A1D}
	EndGlobalSection
EndGlobal
